
Microsoft Visual Studio Solution File, Format Version 12.00
# Visual Studio Version 17
VisualStudioVersion = 17.7.34024.191
MinimumVisualStudioVersion = 10.0.40219.1
Project("{888888A0-9F3D-457C-B088-3A5042F75D52}") = "BBPicking", "BBPicking\BBPicking.pyproj", "{C5721E98-5C1A-4CFB-B32C-46DC640A1F49}"
EndProject
Global
	GlobalSection(SolutionConfigurationPlatforms) = preSolution
		Debug|Any CPU = Debug|Any CPU
		Release|Any CPU = Release|Any CPU
	EndGlobalSection
	GlobalSection(ProjectConfigurationPlatforms) = postSolution
		{C5721E98-5C1A-4CFB-B32C-46DC640A1F49}.Debug|Any CPU.ActiveCfg = Debug|Any CPU
		{C5721E98-5C1A-4CFB-B32C-46DC640A1F49}.Debug|Any CPU.Build.0 = Debug|Any CPU
		{C5721E98-5C1A-4CFB-B32C-46DC640A1F49}.Release|Any CPU.ActiveCfg = Release|Any CPU
		{C5721E98-5C1A-4CFB-B32C-46DC640A1F49}.Release|Any CPU.Build.0 = Release|Any CPU
	EndGlobalSection
	GlobalSection(SolutionProperties) = preSolution
		HideSolutionNode = FALSE
	EndGlobalSection
	GlobalSection(ExtensibilityGlobals) = postSolution
		SolutionGuid = {0788C488-CBE9-48AC-AAA1-C4654B8CE4BD}
	EndGlobalSection
EndGlobal
